
Microsoft Visual Studio Solution File, Format Version 12.00
# Visual Studio Version 17
VisualStudioVersion = 17.14.36511.14
MinimumVisualStudioVersion = 10.0.40219.1
Project("{FAE04EC0-301F-11D3-BF4B-00C04F79EFBC}") = "CinemaManagement", "CinemaManagement.csproj", "{F65E7F8C-1B54-4F8B-92A5-8A73414C9C2A}"
EndProject
Global
	GlobalSection(SolutionConfigurationPlatforms) = preSolution
		Debug|Any CPU = Debug|Any CPU
		Release|Any CPU = Release|Any CPU
	EndGlobalSection
	GlobalSection(ProjectConfigurationPlatforms) = postSolution
		{F65E7F8C-1B54-4F8B-92A5-8A73414C9C2A}.Debug|Any CPU.ActiveCfg = Debug|Any CPU
		{F65E7F8C-1B54-4F8B-92A5-8A73414C9C2A}.Debug|Any CPU.Build.0 = Debug|Any CPU
		{F65E7F8C-1B54-4F8B-92A5-8A73414C9C2A}.Release|Any CPU.ActiveCfg = Release|Any CPU
		{F65E7F8C-1B54-4F8B-92A5-8A73414C9C2A}.Release|Any CPU.Build.0 = Release|Any CPU
	EndGlobalSection
	GlobalSection(SolutionProperties) = preSolution
		HideSolutionNode = FALSE
	EndGlobalSection
	GlobalSection(ExtensibilityGlobals) = postSolution
		SolutionGuid = {486002FA-BA2A-4469-B4B7-AA4251F51859}
	EndGlobalSection
EndGlobal
